
Microsoft Visual Studio Solution File, Format Version 12.00
# Visual Studio Version 17
VisualStudioVersion = 17.1.32228.430
MinimumVisualStudioVersion = 10.0.40219.1
Project("{2150E333-8FDC-42A3-9474-1A3956D46DE8}") = "packages", "packages", "{BC806C5C-E716-4DD5-BFCC-6A152127ED8F}"
	ProjectSection(SolutionItems) = preProject
		packages\package.props = packages\package.props
	EndProjectSection
EndProject
Project("{2150E333-8FDC-42A3-9474-1A3956D46DE8}") = "tests", "tests", "{D8328347-E46A-4D0C-835D-8116EEA59A9A}"
EndProject
Project("{2150E333-8FDC-42A3-9474-1A3956D46DE8}") = "samples", "samples", "{DFD3AD6C-7615-46C0-AD8B-DC97B33BAC1B}"
EndProject
Project("{9A19103F-16F7-4668-BE54-9A1E7A4F7556}") = "ArtZilla.Net.Config.Core", "packages\ArtZilla.Net.Config.Core\ArtZilla.Net.Config.Core.csproj", "{5F0610B3-153D-4991-938F-BEF992439CE6}"
EndProject
Project("{9A19103F-16F7-4668-BE54-9A1E7A4F7556}") = "ArtZilla.Net.Config.SourceGenerated.Json", "packages\ArtZilla.Net.Config.SourceGenerated.Json\ArtZilla.Net.Config.SourceGenerated.Json.csproj", "{8A65370C-D45C-462A-A6CD-74A86A8F0930}"
EndProject
Project("{2150E333-8FDC-42A3-9474-1A3956D46DE8}") = "common", "common", "{FFE6A961-6BFF-4D5F-8921-D05DD0A36A52}"
	ProjectSection(SolutionItems) = preProject
		..\.gitignore = ..\.gitignore
		Directory.Build.props = Directory.Build.props
	EndProjectSection
EndProject
Project("{FAE04EC0-301F-11D3-BF4B-00C04F79EFBC}") = "ArtZilla.Net.Config.Generators", "packages\ArtZilla.Net.Config.Generators\ArtZilla.Net.Config.Generators.csproj", "{4976F680-596F-446F-A53E-FBFE77D90E63}"
EndProject
Project("{FAE04EC0-301F-11D3-BF4B-00C04F79EFBC}") = "ArtZilla.Net.Config", "packages\ArtZilla.Net.Config\ArtZilla.Net.Config.csproj", "{D8090C49-5E6E-4CB9-8237-7087C2D8DCB8}"
EndProject
Project("{FAE04EC0-301F-11D3-BF4B-00C04F79EFBC}") = "ArtZilla.Net.Config.EmitGenerated", "packages\ArtZilla.Net.Config.EmitGenerated\ArtZilla.Net.Config.EmitGenerated.csproj", "{0274E843-7C05-4799-B6AD-1DD1A0D4B3F1}"
EndProject
Project("{FAE04EC0-301F-11D3-BF4B-00C04F79EFBC}") = "ArtZilla.Net.Config.Tests", "tests\ArtZilla.Net.Config.Tests\ArtZilla.Net.Config.Tests.csproj", "{BE492843-3542-49B6-9914-BB6BAED22C37}"
EndProject
Project("{FAE04EC0-301F-11D3-BF4B-00C04F79EFBC}") = "ArtZilla.Net.Config.SourceGenerated", "packages\ArtZilla.Net.Config.SourceGenerated\ArtZilla.Net.Config.SourceGenerated.csproj", "{916F2B32-B6B8-454C-8FA1-29201DB728FD}"
EndProject
Project("{FAE04EC0-301F-11D3-BF4B-00C04F79EFBC}") = "ArtZilla.Net.Config.EmitGenerated.Json", "packages\ArtZilla.Net.Config.EmitGenerated.Json\ArtZilla.Net.Config.EmitGenerated.Json.csproj", "{C237C325-8FD9-48BF-9343-D3DF222A3422}"
EndProject
Project("{FAE04EC0-301F-11D3-BF4B-00C04F79EFBC}") = "ArtZilla.Net.Config.SourceGenerated.Core", "packages\ArtZilla.Net.Config.SourceGenerated.Core\ArtZilla.Net.Config.SourceGenerated.Core.csproj", "{E5C4EDD0-E0FB-450B-9179-64CB4EB4D409}"
EndProject
Global
	GlobalSection(SolutionConfigurationPlatforms) = preSolution
		Debug|Any CPU = Debug|Any CPU
		Release|Any CPU = Release|Any CPU
	EndGlobalSection
	GlobalSection(ProjectConfigurationPlatforms) = postSolution
		{5F0610B3-153D-4991-938F-BEF992439CE6}.Debug|Any CPU.ActiveCfg = Debug|Any CPU
		{5F0610B3-153D-4991-938F-BEF992439CE6}.Debug|Any CPU.Build.0 = Debug|Any CPU
		{5F0610B3-153D-4991-938F-BEF992439CE6}.Release|Any CPU.ActiveCfg = Release|Any CPU
		{5F0610B3-153D-4991-938F-BEF992439CE6}.Release|Any CPU.Build.0 = Release|Any CPU
		{8A65370C-D45C-462A-A6CD-74A86A8F0930}.Debug|Any CPU.ActiveCfg = Debug|Any CPU
		{8A65370C-D45C-462A-A6CD-74A86A8F0930}.Debug|Any CPU.Build.0 = Debug|Any CPU
		{8A65370C-D45C-462A-A6CD-74A86A8F0930}.Release|Any CPU.ActiveCfg = Release|Any CPU
		{8A65370C-D45C-462A-A6CD-74A86A8F0930}.Release|Any CPU.Build.0 = Release|Any CPU
		{4976F680-596F-446F-A53E-FBFE77D90E63}.Debug|Any CPU.ActiveCfg = Debug|Any CPU
		{4976F680-596F-446F-A53E-FBFE77D90E63}.Debug|Any CPU.Build.0 = Debug|Any CPU
		{4976F680-596F-446F-A53E-FBFE77D90E63}.Release|Any CPU.ActiveCfg = Release|Any CPU
		{4976F680-596F-446F-A53E-FBFE77D90E63}.Release|Any CPU.Build.0 = Release|Any CPU
		{D8090C49-5E6E-4CB9-8237-7087C2D8DCB8}.Debug|Any CPU.ActiveCfg = Debug|Any CPU
		{D8090C49-5E6E-4CB9-8237-7087C2D8DCB8}.Debug|Any CPU.Build.0 = Debug|Any CPU
		{D8090C49-5E6E-4CB9-8237-7087C2D8DCB8}.Release|Any CPU.ActiveCfg = Release|Any CPU
		{D8090C49-5E6E-4CB9-8237-7087C2D8DCB8}.Release|Any CPU.Build.0 = Release|Any CPU
		{0274E843-7C05-4799-B6AD-1DD1A0D4B3F1}.Debug|Any CPU.ActiveCfg = Debug|Any CPU
		{0274E843-7C05-4799-B6AD-1DD1A0D4B3F1}.Debug|Any CPU.Build.0 = Debug|Any CPU
		{0274E843-7C05-4799-B6AD-1DD1A0D4B3F1}.Release|Any CPU.ActiveCfg = Release|Any CPU
		{0274E843-7C05-4799-B6AD-1DD1A0D4B3F1}.Release|Any CPU.Build.0 = Release|Any CPU
		{BE492843-3542-49B6-9914-BB6BAED22C37}.Debug|Any CPU.ActiveCfg = Debug|Any CPU
		{BE492843-3542-49B6-9914-BB6BAED22C37}.Debug|Any CPU.Build.0 = Debug|Any CPU
		{BE492843-3542-49B6-9914-BB6BAED22C37}.Release|Any CPU.ActiveCfg = Release|Any CPU
		{BE492843-3542-49B6-9914-BB6BAED22C37}.Release|Any CPU.Build.0 = Release|Any CPU
		{916F2B32-B6B8-454C-8FA1-29201DB728FD}.Debug|Any CPU.ActiveCfg = Debug|Any CPU
		{916F2B32-B6B8-454C-8FA1-29201DB728FD}.Debug|Any CPU.Build.0 = Debug|Any CPU
		{916F2B32-B6B8-454C-8FA1-29201DB728FD}.Release|Any CPU.ActiveCfg = Release|Any CPU
		{916F2B32-B6B8-454C-8FA1-29201DB728FD}.Release|Any CPU.Build.0 = Release|Any CPU
		{C237C325-8FD9-48BF-9343-D3DF222A3422}.Debug|Any CPU.ActiveCfg = Debug|Any CPU
		{C237C325-8FD9-48BF-9343-D3DF222A3422}.Debug|Any CPU.Build.0 = Debug|Any CPU
		{C237C325-8FD9-48BF-9343-D3DF222A3422}.Release|Any CPU.ActiveCfg = Release|Any CPU
		{C237C325-8FD9-48BF-9343-D3DF222A3422}.Release|Any CPU.Build.0 = Release|Any CPU
		{E5C4EDD0-E0FB-450B-9179-64CB4EB4D409}.Debug|Any CPU.ActiveCfg = Debug|Any CPU
		{E5C4EDD0-E0FB-450B-9179-64CB4EB4D409}.Debug|Any CPU.Build.0 = Debug|Any CPU
		{E5C4EDD0-E0FB-450B-9179-64CB4EB4D409}.Release|Any CPU.ActiveCfg = Release|Any CPU
		{E5C4EDD0-E0FB-450B-9179-64CB4EB4D409}.Release|Any CPU.Build.0 = Release|Any CPU
	EndGlobalSection
	GlobalSection(SolutionProperties) = preSolution
		HideSolutionNode = FALSE
	EndGlobalSection
	GlobalSection(NestedProjects) = preSolution
		{5F0610B3-153D-4991-938F-BEF992439CE6} = {BC806C5C-E716-4DD5-BFCC-6A152127ED8F}
		{8A65370C-D45C-462A-A6CD-74A86A8F0930} = {BC806C5C-E716-4DD5-BFCC-6A152127ED8F}
		{4976F680-596F-446F-A53E-FBFE77D90E63} = {BC806C5C-E716-4DD5-BFCC-6A152127ED8F}
		{D8090C49-5E6E-4CB9-8237-7087C2D8DCB8} = {BC806C5C-E716-4DD5-BFCC-6A152127ED8F}
		{0274E843-7C05-4799-B6AD-1DD1A0D4B3F1} = {BC806C5C-E716-4DD5-BFCC-6A152127ED8F}
		{BE492843-3542-49B6-9914-BB6BAED22C37} = {D8328347-E46A-4D0C-835D-8116EEA59A9A}
		{916F2B32-B6B8-454C-8FA1-29201DB728FD} = {BC806C5C-E716-4DD5-BFCC-6A152127ED8F}
		{C237C325-8FD9-48BF-9343-D3DF222A3422} = {BC806C5C-E716-4DD5-BFCC-6A152127ED8F}
		{E5C4EDD0-E0FB-450B-9179-64CB4EB4D409} = {BC806C5C-E716-4DD5-BFCC-6A152127ED8F}
	EndGlobalSection
	GlobalSection(ExtensibilityGlobals) = postSolution
		SolutionGuid = {1AD503BB-FE5D-419E-9E1E-24A5C30D3441}
	EndGlobalSection
EndGlobal
